
Microsoft Visual Studio Solution File, Format Version 12.00
# Visual Studio Version 17
VisualStudioVersion = 17.2.32526.322
MinimumVisualStudioVersion = 10.0.40219.1
Project("{FAE04EC0-301F-11D3-BF4B-00C04F79EFBC}") = "Le Calculateur", "Le Calculateur.csproj", "{901FE967-DAC9-4821-B7A4-ADEBB5C95154}"
EndProject
Global
	GlobalSection(SolutionConfigurationPlatforms) = preSolution
		Debug|Any CPU = Debug|Any CPU
		Release|Any CPU = Release|Any CPU
	EndGlobalSection
	GlobalSection(ProjectConfigurationPlatforms) = postSolution
		{901FE967-DAC9-4821-B7A4-ADEBB5C95154}.Debug|Any CPU.ActiveCfg = Debug|Any CPU
		{901FE967-DAC9-4821-B7A4-ADEBB5C95154}.Debug|Any CPU.Build.0 = Debug|Any CPU
		{901FE967-DAC9-4821-B7A4-ADEBB5C95154}.Release|Any CPU.ActiveCfg = Release|Any CPU
		{901FE967-DAC9-4821-B7A4-ADEBB5C95154}.Release|Any CPU.Build.0 = Release|Any CPU
	EndGlobalSection
	GlobalSection(SolutionProperties) = preSolution
		HideSolutionNode = FALSE
	EndGlobalSection
	GlobalSection(ExtensibilityGlobals) = postSolution
		SolutionGuid = {6841DD6C-6559-4C06-8C3E-8CF212D4F42E}
	EndGlobalSection
EndGlobal
